version: 1.0
shards:
  cute:
    github: Papierkorb/cute
    version: 0.3.1

  db:
    github: crystal-lang/crystal-db
    version: 0.9.0

  mysql:
    github: crystal-lang/crystal-mysql
    version: 0.11.1

  pg:
    github: will/crystal-pg
    version: 0.21.1

  sqlite3:
    github: crystal-lang/crystal-sqlite3
    version: 0.16.0

  textui:
    github: hugopl/textui
    version: 0.3.1

  version_from_shard:
    github: hugopl/version_from_shard
    version: 1.2.1

