version: 1.0
shards:
  cute:
    github: Papierkorb/cute
    version: 0.3.1

  db:
    github: crystal-lang/crystal-db
    version: 0.8.0

  mysql:
    github: crystal-lang/crystal-mysql
    version: 0.10.0

  pg:
    github: will/crystal-pg
    version: 0.20.0

  pg_query:
    github: hugopl/pg_query.cr
    commit: 2f46dbbc450eb8233a6d3f28997ab01a11d16a01

  sqlite3:
    github: crystal-lang/crystal-sqlite3
    version: 0.15.0

  textui:
    github: hugopl/textui
    commit: 87289a0f5abfe845cdb88cbb1c1efd5c211ea631

  version_from_shard:
    github: hugopl/version_from_shard
    version: 1.2.0

