version: 2.0
shards:
  cute:
    git: https://github.com/Papierkorb/cute.git
    version: 0.3.1

  db:
    git: https://github.com/crystal-lang/crystal-db.git
    version: 0.10.1

  mysql:
    git: https://github.com/crystal-lang/crystal-mysql.git
    version: 0.13.0

  pg:
    git: https://github.com/will/crystal-pg.git
    version: 0.23.2

  sqlite3:
    git: https://github.com/crystal-lang/crystal-sqlite3.git
    version: 0.18.0

  textui:
    git: https://github.com/hugopl/textui.git
    version: 0.3.2

  version_from_shard:
    git: https://github.com/hugopl/version_from_shard.git
    version: 1.2.4

